// !$*UTF8*$!
{
	archiveVersion = 1;
	classes = {
	};
	objectVersion = 52;
	objects = {

/* Begin PBXBuildFile section */
		036E2CB526BEB21600FA0D25 /* PasswordValidatorTests.swift in Sources */ = {isa = PBXBuildFile; fileRef = 036E2CB426BEB21600FA0D25 /* PasswordValidatorTests.swift */; };
		038B86C4269AB4BF00DE08B8 /* Session.swift in Sources */ = {isa = PBXBuildFile; fileRef = 038B86C3269AB4BF00DE08B8 /* Session.swift */; };
		038B86C6269AB4F300DE08B8 /* User.swift in Sources */ = {isa = PBXBuildFile; fileRef = 038B86C5269AB4F300DE08B8 /* User.swift */; };
		038B86C8269AB5CF00DE08B8 /* LoginView.swift in Sources */ = {isa = PBXBuildFile; fileRef = 038B86C7269AB5CF00DE08B8 /* LoginView.swift */; };
		038B86CC269ABA6B00DE08B8 /* HomeView.swift in Sources */ = {isa = PBXBuildFile; fileRef = 038B86CB269ABA6B00DE08B8 /* HomeView.swift */; };
		03A33A82269042B100A1CB38 /* AppDelegate.swift in Sources */ = {isa = PBXBuildFile; fileRef = 03A33A81269042B100A1CB38 /* AppDelegate.swift */; };
		03A33A84269042B100A1CB38 /* SceneDelegate.swift in Sources */ = {isa = PBXBuildFile; fileRef = 03A33A83269042B100A1CB38 /* SceneDelegate.swift */; };
		03A33A86269042B100A1CB38 /* ContentView.swift in Sources */ = {isa = PBXBuildFile; fileRef = 03A33A85269042B100A1CB38 /* ContentView.swift */; };
		03A33A88269042B300A1CB38 /* Assets.xcassets in Resources */ = {isa = PBXBuildFile; fileRef = 03A33A87269042B300A1CB38 /* Assets.xcassets */; };
		03A33A8B269042B300A1CB38 /* Preview Assets.xcassets in Resources */ = {isa = PBXBuildFile; fileRef = 03A33A8A269042B300A1CB38 /* Preview Assets.xcassets */; };
		03A33A8E269042B300A1CB38 /* LaunchScreen.storyboard in Resources */ = {isa = PBXBuildFile; fileRef = 03A33A8C269042B300A1CB38 /* LaunchScreen.storyboard */; };
		03A33A97269062EF00A1CB38 /* .swiftlint.yml in Resources */ = {isa = PBXBuildFile; fileRef = 03A33A96269062EF00A1CB38 /* .swiftlint.yml */; };
		03AE89EF2692F66300F8DA64 /* NavigationBarModifier.swift in Sources */ = {isa = PBXBuildFile; fileRef = 03AE89EE2692F66300F8DA64 /* NavigationBarModifier.swift */; };
		03AE8A182694285800F8DA64 /* TextEditingView.swift in Sources */ = {isa = PBXBuildFile; fileRef = 03AE8A172694285800F8DA64 /* TextEditingView.swift */; };
		03AE8A1A26942E5F00F8DA64 /* Color+Extension.swift in Sources */ = {isa = PBXBuildFile; fileRef = 03AE8A1926942E5F00F8DA64 /* Color+Extension.swift */; };
		03AE8A1C26943C0100F8DA64 /* KeyboardView.swift in Sources */ = {isa = PBXBuildFile; fileRef = 03AE8A1B26943C0100F8DA64 /* KeyboardView.swift */; };
		03AE8A1E2695375400F8DA64 /* ToolBarView.swift in Sources */ = {isa = PBXBuildFile; fileRef = 03AE8A1D2695375400F8DA64 /* ToolBarView.swift */; };
		03AE8A222695417300F8DA64 /* .gitignore in Resources */ = {isa = PBXBuildFile; fileRef = 03AE8A212695417300F8DA64 /* .gitignore */; };
		03AF299026AABE4100F52B88 /* FirebaseDatabaseSwift-Beta in Frameworks */ = {isa = PBXBuildFile; productRef = 03AF298F26AABE4100F52B88 /* FirebaseDatabaseSwift-Beta */; };
		03AF299226AABE4100F52B88 /* FirebaseFirestoreSwift-Beta in Frameworks */ = {isa = PBXBuildFile; productRef = 03AF299126AABE4100F52B88 /* FirebaseFirestoreSwift-Beta */; };
		03AF299426AABE4100F52B88 /* FirebaseAuth in Frameworks */ = {isa = PBXBuildFile; productRef = 03AF299326AABE4100F52B88 /* FirebaseAuth */; };
		03AF299626AABE4100F52B88 /* FirebaseFirestore in Frameworks */ = {isa = PBXBuildFile; productRef = 03AF299526AABE4100F52B88 /* FirebaseFirestore */; };
		03AF299826AABE4100F52B88 /* FirebaseDatabase in Frameworks */ = {isa = PBXBuildFile; productRef = 03AF299726AABE4100F52B88 /* FirebaseDatabase */; };
		03AF299F26ABD75200F52B88 /* Memo.swift in Sources */ = {isa = PBXBuildFile; fileRef = 03AF299E26ABD75200F52B88 /* Memo.swift */; };
		03AF29A026ABDD7E00F52B88 /* HomeView.swift in Sources */ = {isa = PBXBuildFile; fileRef = 03DCB919269AD0A70064420B /* HomeView.swift */; };
		03AF29A126ABDD7E00F52B88 /* LoginView.swift in Sources */ = {isa = PBXBuildFile; fileRef = 03DCB918269AD0A70064420B /* LoginView.swift */; };
		03AF29A226ABDD7E00F52B88 /* ContentView.swift in Sources */ = {isa = PBXBuildFile; fileRef = 03DCB91A269AD0A70064420B /* ContentView.swift */; };
		03AF29A326ABDD9000F52B88 /* User.swift in Sources */ = {isa = PBXBuildFile; fileRef = 03DCB910269AD0610064420B /* User.swift */; };
		03AF29A426ABDD9000F52B88 /* Session.swift in Sources */ = {isa = PBXBuildFile; fileRef = 03DCB90F269AD0610064420B /* Session.swift */; };
		03AF29A526ABDD9000F52B88 /* AuthProviderProtocol.swift in Sources */ = {isa = PBXBuildFile; fileRef = 03DCB911269AD0620064420B /* AuthProviderProtocol.swift */; };
		03AF29A626ABDD9000F52B88 /* AuthProvider.swift in Sources */ = {isa = PBXBuildFile; fileRef = 03DCB90E269AD0610064420B /* AuthProvider.swift */; };
		03AF29A826ABE0DA00F52B88 /* EditViewModel.swift in Sources */ = {isa = PBXBuildFile; fileRef = 03AF29A726ABE0DA00F52B88 /* EditViewModel.swift */; };
		03AF29AA26ABE89600F52B88 /* FIrebaseAuthError.swift in Sources */ = {isa = PBXBuildFile; fileRef = 03AF29A926ABE89600F52B88 /* FIrebaseAuthError.swift */; };
		03AF29AC26AC098000F52B88 /* Test-EnvironmentObject.swift in Sources */ = {isa = PBXBuildFile; fileRef = 03AF29AB26AC097F00F52B88 /* Test-EnvironmentObject.swift */; };
		03AFF1D326A507CF001D5A27 /* FirebaseAuthViewModel.swift in Sources */ = {isa = PBXBuildFile; fileRef = 03AFF1D226A507CF001D5A27 /* FirebaseAuthViewModel.swift */; };
		03AFF1D526A50BFC001D5A27 /* SignInView.swift in Sources */ = {isa = PBXBuildFile; fileRef = 03AFF1D426A50BFC001D5A27 /* SignInView.swift */; };
		03AFF1D726A5138D001D5A27 /* SignUpView.swift in Sources */ = {isa = PBXBuildFile; fileRef = 03AFF1D626A5138D001D5A27 /* SignUpView.swift */; };
		03BFA42A2692B05300283868 /* FloatingActionButton.swift in Sources */ = {isa = PBXBuildFile; fileRef = 03BFA4292692B05300283868 /* FloatingActionButton.swift */; };
		03BFA4312692DA0100283868 /* LandscapeModifier.swift in Sources */ = {isa = PBXBuildFile; fileRef = 03BFA4302692DA0100283868 /* LandscapeModifier.swift */; };
		03BFA4332692DDB700283868 /* InputView.swift in Sources */ = {isa = PBXBuildFile; fileRef = 03BFA4322692DDB700283868 /* InputView.swift */; };
		03C8000126A9335C000D5612 /* NoteListView.swift in Sources */ = {isa = PBXBuildFile; fileRef = 03C8000026A9335C000D5612 /* NoteListView.swift */; };
		03C8000326A93412000D5612 /* Note.swift in Sources */ = {isa = PBXBuildFile; fileRef = 03C8000226A93412000D5612 /* Note.swift */; };
		03C8000526A94BE9000D5612 /* FirebaseStoreService.swift in Sources */ = {isa = PBXBuildFile; fileRef = 03C8000426A94BE8000D5612 /* FirebaseStoreService.swift */; };
		03C8FFFF26A93331000D5612 /* NoteRowView.swift in Sources */ = {isa = PBXBuildFile; fileRef = 03C8FFFE26A93331000D5612 /* NoteRowView.swift */; };
		03CAE21F26B13608004790EE /* FireCodable.swift in Sources */ = {isa = PBXBuildFile; fileRef = 03CAE21E26B13608004790EE /* FireCodable.swift */; };
		03CAE22126B13931004790EE /* FirestoreService.swift in Sources */ = {isa = PBXBuildFile; fileRef = 03CAE22026B13931004790EE /* FirestoreService.swift */; };
		03CAE22626B14EF7004790EE /* SampleNote.swift in Sources */ = {isa = PBXBuildFile; fileRef = 03CAE22526B14EF7004790EE /* SampleNote.swift */; };
		03CAE22826B3E8DE004790EE /* NoteProtocol.swift in Sources */ = {isa = PBXBuildFile; fileRef = 03CAE22726B3E8DE004790EE /* NoteProtocol.swift */; };
		03CAE22926B5643A004790EE /* Makefile in Resources */ = {isa = PBXBuildFile; fileRef = 03E3915B26A907340084FAF6 /* Makefile */; };
		03CEE105269690BB00557BD0 /* Journal.swift in Sources */ = {isa = PBXBuildFile; fileRef = 03CEE104269690BB00557BD0 /* Journal.swift */; };
		03CEE107269692AF00557BD0 /* JournalsViewModel.swift in Sources */ = {isa = PBXBuildFile; fileRef = 03CEE106269692AF00557BD0 /* JournalsViewModel.swift */; };
		03CEE1092696965D00557BD0 /* JournalListView.swift in Sources */ = {isa = PBXBuildFile; fileRef = 03CEE1082696965D00557BD0 /* JournalListView.swift */; };
		03CEE10B2696977000557BD0 /* JournalRowView.swift in Sources */ = {isa = PBXBuildFile; fileRef = 03CEE10A2696977000557BD0 /* JournalRowView.swift */; };
		03DCB929269AD6320064420B /* AuthProvider.swift in Sources */ = {isa = PBXBuildFile; fileRef = 03DCB928269AD6320064420B /* AuthProvider.swift */; };
		03DCB932269C1E1E0064420B /* LoginSampleView.swift in Sources */ = {isa = PBXBuildFile; fileRef = 03DCB931269C1E1E0064420B /* LoginSampleView.swift */; };
		03DCB934269C29930064420B /* String+Extension.swift in Sources */ = {isa = PBXBuildFile; fileRef = 03DCB933269C29930064420B /* String+Extension.swift */; };
		03DCB936269C7B2E0064420B /* LoginViewModel.swift in Sources */ = {isa = PBXBuildFile; fileRef = 03DCB935269C7B2E0064420B /* LoginViewModel.swift */; };
		03DCB94E269D049C0064420B /* MemoViewModel.swift in Sources */ = {isa = PBXBuildFile; fileRef = 03DCB94D269D049C0064420B /* MemoViewModel.swift */; };
		03DCB951269D0EFD0064420B /* MemoListView.swift in Sources */ = {isa = PBXBuildFile; fileRef = 03DCB950269D0EFD0064420B /* MemoListView.swift */; };
		03DCB953269D0F300064420B /* MemoRowView.swift in Sources */ = {isa = PBXBuildFile; fileRef = 03DCB952269D0F300064420B /* MemoRowView.swift */; };
		03E3914326A5BA1E0084FAF6 /* SignOutView.swift in Sources */ = {isa = PBXBuildFile; fileRef = 03E3914226A5BA1E0084FAF6 /* SignOutView.swift */; };
		03E3914826A5EAF60084FAF6 /* PopupView in Frameworks */ = {isa = PBXBuildFile; productRef = 03E3914726A5EAF60084FAF6 /* PopupView */; };
		03E3914A26A5EC3D0084FAF6 /* Toast.swift in Sources */ = {isa = PBXBuildFile; fileRef = 03E3914926A5EC3D0084FAF6 /* Toast.swift */; };
		03E3914C26A63DA00084FAF6 /* TabVarHeightOffsetViewModifier.swift in Sources */ = {isa = PBXBuildFile; fileRef = 03E3914B26A63DA00084FAF6 /* TabVarHeightOffsetViewModifier.swift */; };
		03E3915726A6D9F00084FAF6 /* FirebaseAuthService.swift in Sources */ = {isa = PBXBuildFile; fileRef = 03E3915626A6D9EF0084FAF6 /* FirebaseAuthService.swift */; };
		03E3915A26A8072C0084FAF6 /* Tabs.swift in Sources */ = {isa = PBXBuildFile; fileRef = 03E3915926A8072C0084FAF6 /* Tabs.swift */; };
		03E3915C26A907340084FAF6 /* Makefile in Sources */ = {isa = PBXBuildFile; fileRef = 03E3915B26A907340084FAF6 /* Makefile */; };
		7390A38A26AE77F0004E2FD8 /* GoogleService-Info.plist in Resources */ = {isa = PBXBuildFile; fileRef = 7390A38926AE77F0004E2FD8 /* GoogleService-Info.plist */; };
/* End PBXBuildFile section */

/* Begin PBXContainerItemProxy section */
		036E2CAF26BEB19000FA0D25 /* PBXContainerItemProxy */ = {
			isa = PBXContainerItemProxy;
			containerPortal = 03A33A76269042B100A1CB38 /* Project object */;
			proxyType = 1;
			remoteGlobalIDString = 03A33A7D269042B100A1CB38;
			remoteInfo = HiDiary;
		};
/* End PBXContainerItemProxy section */

/* Begin PBXFileReference section */
		036E2CAA26BEB19000FA0D25 /* HiDiaryTests.xctest */ = {isa = PBXFileReference; explicitFileType = wrapper.cfbundle; includeInIndex = 0; path = HiDiaryTests.xctest; sourceTree = BUILT_PRODUCTS_DIR; };
		036E2CAE26BEB19000FA0D25 /* Info.plist */ = {isa = PBXFileReference; lastKnownFileType = text.plist.xml; path = Info.plist; sourceTree = "<group>"; };
		036E2CB426BEB21600FA0D25 /* PasswordValidatorTests.swift */ = {isa = PBXFileReference; lastKnownFileType = sourcecode.swift; path = PasswordValidatorTests.swift; sourceTree = "<group>"; };
		038B86C3269AB4BF00DE08B8 /* Session.swift */ = {isa = PBXFileReference; lastKnownFileType = sourcecode.swift; path = Session.swift; sourceTree = "<group>"; };
		038B86C5269AB4F300DE08B8 /* User.swift */ = {isa = PBXFileReference; lastKnownFileType = sourcecode.swift; path = User.swift; sourceTree = "<group>"; };
		038B86C7269AB5CF00DE08B8 /* LoginView.swift */ = {isa = PBXFileReference; lastKnownFileType = sourcecode.swift; path = LoginView.swift; sourceTree = "<group>"; };
		038B86CB269ABA6B00DE08B8 /* HomeView.swift */ = {isa = PBXFileReference; lastKnownFileType = sourcecode.swift; path = HomeView.swift; sourceTree = "<group>"; };
		03A33A7E269042B100A1CB38 /* HiDiary.app */ = {isa = PBXFileReference; explicitFileType = wrapper.application; includeInIndex = 0; path = HiDiary.app; sourceTree = BUILT_PRODUCTS_DIR; };
		03A33A81269042B100A1CB38 /* AppDelegate.swift */ = {isa = PBXFileReference; lastKnownFileType = sourcecode.swift; path = AppDelegate.swift; sourceTree = "<group>"; };
		03A33A83269042B100A1CB38 /* SceneDelegate.swift */ = {isa = PBXFileReference; lastKnownFileType = sourcecode.swift; path = SceneDelegate.swift; sourceTree = "<group>"; };
		03A33A85269042B100A1CB38 /* ContentView.swift */ = {isa = PBXFileReference; lastKnownFileType = sourcecode.swift; path = ContentView.swift; sourceTree = "<group>"; };
		03A33A87269042B300A1CB38 /* Assets.xcassets */ = {isa = PBXFileReference; lastKnownFileType = folder.assetcatalog; path = Assets.xcassets; sourceTree = "<group>"; };
		03A33A8A269042B300A1CB38 /* Preview Assets.xcassets */ = {isa = PBXFileReference; lastKnownFileType = folder.assetcatalog; path = "Preview Assets.xcassets"; sourceTree = "<group>"; };
		03A33A8D269042B300A1CB38 /* Base */ = {isa = PBXFileReference; lastKnownFileType = file.storyboard; name = Base; path = Base.lproj/LaunchScreen.storyboard; sourceTree = "<group>"; };
		03A33A8F269042B300A1CB38 /* Info.plist */ = {isa = PBXFileReference; lastKnownFileType = text.plist.xml; path = Info.plist; sourceTree = "<group>"; };
		03A33A96269062EF00A1CB38 /* .swiftlint.yml */ = {isa = PBXFileReference; lastKnownFileType = text.yaml; path = .swiftlint.yml; sourceTree = "<group>"; };
		03AE89EE2692F66300F8DA64 /* NavigationBarModifier.swift */ = {isa = PBXFileReference; lastKnownFileType = sourcecode.swift; path = NavigationBarModifier.swift; sourceTree = "<group>"; };
		03AE8A172694285800F8DA64 /* TextEditingView.swift */ = {isa = PBXFileReference; lastKnownFileType = sourcecode.swift; path = TextEditingView.swift; sourceTree = "<group>"; };
		03AE8A1926942E5F00F8DA64 /* Color+Extension.swift */ = {isa = PBXFileReference; lastKnownFileType = sourcecode.swift; path = "Color+Extension.swift"; sourceTree = "<group>"; };
		03AE8A1B26943C0100F8DA64 /* KeyboardView.swift */ = {isa = PBXFileReference; lastKnownFileType = sourcecode.swift; path = KeyboardView.swift; sourceTree = "<group>"; };
		03AE8A1D2695375400F8DA64 /* ToolBarView.swift */ = {isa = PBXFileReference; lastKnownFileType = sourcecode.swift; path = ToolBarView.swift; sourceTree = "<group>"; };
		03AE8A212695417300F8DA64 /* .gitignore */ = {isa = PBXFileReference; lastKnownFileType = text; path = .gitignore; sourceTree = "<group>"; };
		03AF299E26ABD75200F52B88 /* Memo.swift */ = {isa = PBXFileReference; lastKnownFileType = sourcecode.swift; path = Memo.swift; sourceTree = "<group>"; };
		03AF29A726ABE0DA00F52B88 /* EditViewModel.swift */ = {isa = PBXFileReference; lastKnownFileType = sourcecode.swift; path = EditViewModel.swift; sourceTree = "<group>"; };
		03AF29A926ABE89600F52B88 /* FIrebaseAuthError.swift */ = {isa = PBXFileReference; lastKnownFileType = sourcecode.swift; path = FIrebaseAuthError.swift; sourceTree = "<group>"; };
		03AF29AB26AC097F00F52B88 /* Test-EnvironmentObject.swift */ = {isa = PBXFileReference; lastKnownFileType = sourcecode.swift; path = "Test-EnvironmentObject.swift"; sourceTree = "<group>"; };
		03AFF1D226A507CF001D5A27 /* FirebaseAuthViewModel.swift */ = {isa = PBXFileReference; lastKnownFileType = sourcecode.swift; path = FirebaseAuthViewModel.swift; sourceTree = "<group>"; };
		03AFF1D426A50BFC001D5A27 /* SignInView.swift */ = {isa = PBXFileReference; lastKnownFileType = sourcecode.swift; path = SignInView.swift; sourceTree = "<group>"; };
		03AFF1D626A5138D001D5A27 /* SignUpView.swift */ = {isa = PBXFileReference; lastKnownFileType = sourcecode.swift; path = SignUpView.swift; sourceTree = "<group>"; };
		03BFA4292692B05300283868 /* FloatingActionButton.swift */ = {isa = PBXFileReference; lastKnownFileType = sourcecode.swift; path = FloatingActionButton.swift; sourceTree = "<group>"; };
		03BFA4302692DA0100283868 /* LandscapeModifier.swift */ = {isa = PBXFileReference; lastKnownFileType = sourcecode.swift; path = LandscapeModifier.swift; sourceTree = "<group>"; };
		03BFA4322692DDB700283868 /* InputView.swift */ = {isa = PBXFileReference; lastKnownFileType = sourcecode.swift; path = InputView.swift; sourceTree = "<group>"; };
		03C8000026A9335C000D5612 /* NoteListView.swift */ = {isa = PBXFileReference; lastKnownFileType = sourcecode.swift; path = NoteListView.swift; sourceTree = "<group>"; };
		03C8000226A93412000D5612 /* Note.swift */ = {isa = PBXFileReference; lastKnownFileType = sourcecode.swift; path = Note.swift; sourceTree = "<group>"; };
		03C8000426A94BE8000D5612 /* FirebaseStoreService.swift */ = {isa = PBXFileReference; lastKnownFileType = sourcecode.swift; path = FirebaseStoreService.swift; sourceTree = "<group>"; };
		03C8FFFE26A93331000D5612 /* NoteRowView.swift */ = {isa = PBXFileReference; lastKnownFileType = sourcecode.swift; path = NoteRowView.swift; sourceTree = "<group>"; };
		03CAE21E26B13608004790EE /* FireCodable.swift */ = {isa = PBXFileReference; lastKnownFileType = sourcecode.swift; path = FireCodable.swift; sourceTree = "<group>"; };
		03CAE22026B13931004790EE /* FirestoreService.swift */ = {isa = PBXFileReference; lastKnownFileType = sourcecode.swift; path = FirestoreService.swift; sourceTree = "<group>"; };
		03CAE22526B14EF7004790EE /* SampleNote.swift */ = {isa = PBXFileReference; lastKnownFileType = sourcecode.swift; path = SampleNote.swift; sourceTree = "<group>"; };
		03CAE22726B3E8DE004790EE /* NoteProtocol.swift */ = {isa = PBXFileReference; lastKnownFileType = sourcecode.swift; path = NoteProtocol.swift; sourceTree = "<group>"; };
		03CEE104269690BB00557BD0 /* Journal.swift */ = {isa = PBXFileReference; lastKnownFileType = sourcecode.swift; path = Journal.swift; sourceTree = "<group>"; };
		03CEE106269692AF00557BD0 /* JournalsViewModel.swift */ = {isa = PBXFileReference; lastKnownFileType = sourcecode.swift; path = JournalsViewModel.swift; sourceTree = "<group>"; };
		03CEE1082696965D00557BD0 /* JournalListView.swift */ = {isa = PBXFileReference; lastKnownFileType = sourcecode.swift; path = JournalListView.swift; sourceTree = "<group>"; };
		03CEE10A2696977000557BD0 /* JournalRowView.swift */ = {isa = PBXFileReference; lastKnownFileType = sourcecode.swift; path = JournalRowView.swift; sourceTree = "<group>"; };
		03DCB90E269AD0610064420B /* AuthProvider.swift */ = {isa = PBXFileReference; lastKnownFileType = sourcecode.swift; path = AuthProvider.swift; sourceTree = "<group>"; };
		03DCB90F269AD0610064420B /* Session.swift */ = {isa = PBXFileReference; lastKnownFileType = sourcecode.swift; path = Session.swift; sourceTree = "<group>"; };
		03DCB910269AD0610064420B /* User.swift */ = {isa = PBXFileReference; lastKnownFileType = sourcecode.swift; path = User.swift; sourceTree = "<group>"; };
		03DCB911269AD0620064420B /* AuthProviderProtocol.swift */ = {isa = PBXFileReference; lastKnownFileType = sourcecode.swift; path = AuthProviderProtocol.swift; sourceTree = "<group>"; };
		03DCB918269AD0A70064420B /* LoginView.swift */ = {isa = PBXFileReference; lastKnownFileType = sourcecode.swift; path = LoginView.swift; sourceTree = "<group>"; };
		03DCB919269AD0A70064420B /* HomeView.swift */ = {isa = PBXFileReference; lastKnownFileType = sourcecode.swift; path = HomeView.swift; sourceTree = "<group>"; };
		03DCB91A269AD0A70064420B /* ContentView.swift */ = {isa = PBXFileReference; lastKnownFileType = sourcecode.swift; path = ContentView.swift; sourceTree = "<group>"; };
		03DCB928269AD6320064420B /* AuthProvider.swift */ = {isa = PBXFileReference; lastKnownFileType = sourcecode.swift; path = AuthProvider.swift; sourceTree = "<group>"; };
		03DCB931269C1E1E0064420B /* LoginSampleView.swift */ = {isa = PBXFileReference; lastKnownFileType = sourcecode.swift; path = LoginSampleView.swift; sourceTree = "<group>"; };
		03DCB933269C29930064420B /* String+Extension.swift */ = {isa = PBXFileReference; lastKnownFileType = sourcecode.swift; path = "String+Extension.swift"; sourceTree = "<group>"; };
		03DCB935269C7B2E0064420B /* LoginViewModel.swift */ = {isa = PBXFileReference; lastKnownFileType = sourcecode.swift; path = LoginViewModel.swift; sourceTree = "<group>"; };
		03DCB942269C9D2F0064420B /* Command.md */ = {isa = PBXFileReference; lastKnownFileType = net.daringfireball.markdown; path = Command.md; sourceTree = "<group>"; };
		03DCB94D269D049C0064420B /* MemoViewModel.swift */ = {isa = PBXFileReference; lastKnownFileType = sourcecode.swift; path = MemoViewModel.swift; sourceTree = "<group>"; };
		03DCB950269D0EFD0064420B /* MemoListView.swift */ = {isa = PBXFileReference; lastKnownFileType = sourcecode.swift; path = MemoListView.swift; sourceTree = "<group>"; };
		03DCB952269D0F300064420B /* MemoRowView.swift */ = {isa = PBXFileReference; lastKnownFileType = sourcecode.swift; path = MemoRowView.swift; sourceTree = "<group>"; };
		03E3914226A5BA1E0084FAF6 /* SignOutView.swift */ = {isa = PBXFileReference; lastKnownFileType = sourcecode.swift; path = SignOutView.swift; sourceTree = "<group>"; };
		03E3914926A5EC3D0084FAF6 /* Toast.swift */ = {isa = PBXFileReference; lastKnownFileType = sourcecode.swift; path = Toast.swift; sourceTree = "<group>"; };
		03E3914B26A63DA00084FAF6 /* TabVarHeightOffsetViewModifier.swift */ = {isa = PBXFileReference; lastKnownFileType = sourcecode.swift; path = TabVarHeightOffsetViewModifier.swift; sourceTree = "<group>"; };
		03E3915626A6D9EF0084FAF6 /* FirebaseAuthService.swift */ = {isa = PBXFileReference; lastKnownFileType = sourcecode.swift; path = FirebaseAuthService.swift; sourceTree = "<group>"; };
		03E3915926A8072C0084FAF6 /* Tabs.swift */ = {isa = PBXFileReference; lastKnownFileType = sourcecode.swift; path = Tabs.swift; sourceTree = "<group>"; };
		03E3915B26A907340084FAF6 /* Makefile */ = {isa = PBXFileReference; lastKnownFileType = sourcecode.make; path = Makefile; sourceTree = "<group>"; };
		7390A38926AE77F0004E2FD8 /* GoogleService-Info.plist */ = {isa = PBXFileReference; fileEncoding = 4; lastKnownFileType = text.plist.xml; path = "GoogleService-Info.plist"; sourceTree = "<group>"; };
/* End PBXFileReference section */

/* Begin PBXFrameworksBuildPhase section */
		036E2CA726BEB19000FA0D25 /* Frameworks */ = {
			isa = PBXFrameworksBuildPhase;
			buildActionMask = 2147483647;
			files = (
			);
			runOnlyForDeploymentPostprocessing = 0;
		};
		03A33A7B269042B100A1CB38 /* Frameworks */ = {
			isa = PBXFrameworksBuildPhase;
			buildActionMask = 2147483647;
			files = (
				03AF299426AABE4100F52B88 /* FirebaseAuth in Frameworks */,
				03AF299826AABE4100F52B88 /* FirebaseDatabase in Frameworks */,
				03AF299026AABE4100F52B88 /* FirebaseDatabaseSwift-Beta in Frameworks */,
				03AF299626AABE4100F52B88 /* FirebaseFirestore in Frameworks */,
				03AF299226AABE4100F52B88 /* FirebaseFirestoreSwift-Beta in Frameworks */,
				03E3914826A5EAF60084FAF6 /* PopupView in Frameworks */,
			);
			runOnlyForDeploymentPostprocessing = 0;
		};
/* End PBXFrameworksBuildPhase section */

/* Begin PBXGroup section */
		036E2CAB26BEB19000FA0D25 /* HiDiaryTests */ = {
			isa = PBXGroup;
			children = (
				036E2CB426BEB21600FA0D25 /* PasswordValidatorTests.swift */,
				036E2CAE26BEB19000FA0D25 /* Info.plist */,
			);
			path = HiDiaryTests;
			sourceTree = "<group>";
		};
		038B86CD269AC53A00DE08B8 /* View */ = {
			isa = PBXGroup;
			children = (
				03DCB94F269D04A50064420B /* Edit */,
				03DCB92A269AD7BC0064420B /* Home */,
				03DCB937269C84220064420B /* Login */,
				03C8FFFD26A932F9000D5612 /* Note */,
				03E3914126A5BA0B0084FAF6 /* Setting */,
				03BFA4292692B05300283868 /* FloatingActionButton.swift */,
				03AE8A1B26943C0100F8DA64 /* KeyboardView.swift */,
			);
			path = View;
			sourceTree = "<group>";
		};
		038B86CE269ACDE200DE08B8 /* Model */ = {
			isa = PBXGroup;
			children = (
				03C8000226A93412000D5612 /* Note.swift */,
				03E3915926A8072C0084FAF6 /* Tabs.swift */,
				03CAE22526B14EF7004790EE /* SampleNote.swift */,
			);
			path = Model;
			sourceTree = "<group>";
		};
		03A33A75269042B100A1CB38 = {
			isa = PBXGroup;
			children = (
				03E3915B26A907340084FAF6 /* Makefile */,
				03AE8A212695417300F8DA64 /* .gitignore */,
				03A33A96269062EF00A1CB38 /* .swiftlint.yml */,
				03A33A80269042B100A1CB38 /* HiDiary */,
				036E2CAB26BEB19000FA0D25 /* HiDiaryTests */,
				03A33A7F269042B100A1CB38 /* Products */,
			);
			sourceTree = "<group>";
		};
		03A33A7F269042B100A1CB38 /* Products */ = {
			isa = PBXGroup;
			children = (
				03A33A7E269042B100A1CB38 /* HiDiary.app */,
				036E2CAA26BEB19000FA0D25 /* HiDiaryTests.xctest */,
			);
			name = Products;
			sourceTree = "<group>";
		};
		03A33A80269042B100A1CB38 /* HiDiary */ = {
			isa = PBXGroup;
			children = (
				7390A38826AE779B004E2FD8 /* Configs */,
				03E3915126A68E230084FAF6 /* Network */,
				03A33A89269042B300A1CB38 /* Preview Content */,
				03CEE10C26969D0000557BD0 /* Sample */,
				03E3915526A68E960084FAF6 /* UI */,
				03BFA42F2692D9C700283868 /* Utils */,
				03A33A81269042B100A1CB38 /* AppDelegate.swift */,
				03A33A87269042B300A1CB38 /* Assets.xcassets */,
				03A33A85269042B100A1CB38 /* ContentView.swift */,
				03A33A8F269042B300A1CB38 /* Info.plist */,
				03A33A8C269042B300A1CB38 /* LaunchScreen.storyboard */,
				03A33A83269042B100A1CB38 /* SceneDelegate.swift */,
			);
			path = HiDiary;
			sourceTree = "<group>";
		};
		03A33A89269042B300A1CB38 /* Preview Content */ = {
			isa = PBXGroup;
			children = (
				03A33A8A269042B300A1CB38 /* Preview Assets.xcassets */,
			);
			path = "Preview Content";
			sourceTree = "<group>";
		};
		03AE89ED2692F64300F8DA64 /* NavigationView */ = {
			isa = PBXGroup;
			children = (
				03AE89EE2692F66300F8DA64 /* NavigationBarModifier.swift */,
			);
			path = NavigationView;
			sourceTree = "<group>";
		};
		03AE89F02692F6BE00F8DA64 /* Extension */ = {
			isa = PBXGroup;
			children = (
				03AE8A1926942E5F00F8DA64 /* Color+Extension.swift */,
				03DCB933269C29930064420B /* String+Extension.swift */,
			);
			path = Extension;
			sourceTree = "<group>";
		};
		03BFA42F2692D9C700283868 /* Utils */ = {
			isa = PBXGroup;
			children = (
				03AE89F02692F6BE00F8DA64 /* Extension */,
				03AE89ED2692F64300F8DA64 /* NavigationView */,
				03DCB942269C9D2F0064420B /* Command.md */,
				03BFA4302692DA0100283868 /* LandscapeModifier.swift */,
				03E3914B26A63DA00084FAF6 /* TabVarHeightOffsetViewModifier.swift */,
				03E3914926A5EC3D0084FAF6 /* Toast.swift */,
			);
			path = Utils;
			sourceTree = "<group>";
		};
		03C8FFFD26A932F9000D5612 /* Note */ = {
			isa = PBXGroup;
			children = (
				03C8000026A9335C000D5612 /* NoteListView.swift */,
				03C8FFFE26A93331000D5612 /* NoteRowView.swift */,
				03CAE22726B3E8DE004790EE /* NoteProtocol.swift */,
			);
			path = Note;
			sourceTree = "<group>";
		};
		03CAE21D26B135ED004790EE /* Protocols */ = {
			isa = PBXGroup;
			children = (
				03CAE21E26B13608004790EE /* FireCodable.swift */,
			);
			path = Protocols;
			sourceTree = "<group>";
		};
		03CEE10126968E3800557BD0 /* Model */ = {
			isa = PBXGroup;
			children = (
				03CAE22026B13931004790EE /* FirestoreService.swift */,
				03DCB90E269AD0610064420B /* AuthProvider.swift */,
				03DCB911269AD0620064420B /* AuthProviderProtocol.swift */,
				03CEE104269690BB00557BD0 /* Journal.swift */,
				03AF299E26ABD75200F52B88 /* Memo.swift */,
				03DCB90F269AD0610064420B /* Session.swift */,
				03DCB910269AD0610064420B /* User.swift */,
			);
			path = Model;
			sourceTree = "<group>";
		};
		03CEE10226968E3F00557BD0 /* View */ = {
			isa = PBXGroup;
			children = (
				03DCB91A269AD0A70064420B /* ContentView.swift */,
				03DCB919269AD0A70064420B /* HomeView.swift */,
				03CEE1082696965D00557BD0 /* JournalListView.swift */,
				03CEE10A2696977000557BD0 /* JournalRowView.swift */,
				03DCB931269C1E1E0064420B /* LoginSampleView.swift */,
				03DCB918269AD0A70064420B /* LoginView.swift */,
				03DCB950269D0EFD0064420B /* MemoListView.swift */,
				03DCB952269D0F300064420B /* MemoRowView.swift */,
				03AFF1D426A50BFC001D5A27 /* SignInView.swift */,
			);
			path = View;
			sourceTree = "<group>";
		};
		03CEE10326968E4700557BD0 /* ViewModel */ = {
			isa = PBXGroup;
			children = (
				03CEE106269692AF00557BD0 /* JournalsViewModel.swift */,
				03DCB935269C7B2E0064420B /* LoginViewModel.swift */,
				03DCB94D269D049C0064420B /* MemoViewModel.swift */,
			);
			path = ViewModel;
			sourceTree = "<group>";
		};
		03CEE10C26969D0000557BD0 /* Sample */ = {
			isa = PBXGroup;
			children = (
				03CAE21D26B135ED004790EE /* Protocols */,
				03CEE10126968E3800557BD0 /* Model */,
				03E3915826A7F41A0084FAF6 /* Provider */,
				03CEE10226968E3F00557BD0 /* View */,
				03CEE10326968E4700557BD0 /* ViewModel */,
				03AF29AB26AC097F00F52B88 /* Test-EnvironmentObject.swift */,
			);
			path = Sample;
			sourceTree = "<group>";
		};
		03DCB92A269AD7BC0064420B /* Home */ = {
			isa = PBXGroup;
			children = (
				038B86CB269ABA6B00DE08B8 /* HomeView.swift */,
			);
			path = Home;
			sourceTree = "<group>";
		};
		03DCB937269C84220064420B /* Login */ = {
			isa = PBXGroup;
			children = (
				038B86C7269AB5CF00DE08B8 /* LoginView.swift */,
				03AFF1D626A5138D001D5A27 /* SignUpView.swift */,
			);
			path = Login;
			sourceTree = "<group>";
		};
		03DCB94F269D04A50064420B /* Edit */ = {
			isa = PBXGroup;
			children = (
				03AF29A726ABE0DA00F52B88 /* EditViewModel.swift */,
				03BFA4322692DDB700283868 /* InputView.swift */,
				03AE8A172694285800F8DA64 /* TextEditingView.swift */,
				03AE8A1D2695375400F8DA64 /* ToolBarView.swift */,
			);
			path = Edit;
			sourceTree = "<group>";
		};
		03E3914126A5BA0B0084FAF6 /* Setting */ = {
			isa = PBXGroup;
			children = (
				03E3914226A5BA1E0084FAF6 /* SignOutView.swift */,
			);
			path = Setting;
			sourceTree = "<group>";
		};
		03E3915126A68E230084FAF6 /* Network */ = {
			isa = PBXGroup;
			children = (
				03E3915426A68E7C0084FAF6 /* Model */,
				03E3915326A68E490084FAF6 /* Service */,
			);
			path = Network;
			sourceTree = "<group>";
		};
		03E3915326A68E490084FAF6 /* Service */ = {
			isa = PBXGroup;
			children = (
				03E3915626A6D9EF0084FAF6 /* FirebaseAuthService.swift */,
				03C8000426A94BE8000D5612 /* FirebaseStoreService.swift */,
			);
			path = Service;
			sourceTree = "<group>";
		};
		03E3915426A68E7C0084FAF6 /* Model */ = {
			isa = PBXGroup;
			children = (
				03AF29A926ABE89600F52B88 /* FIrebaseAuthError.swift */,
				038B86C5269AB4F300DE08B8 /* User.swift */,
			);
			path = Model;
			sourceTree = "<group>";
		};
		03E3915526A68E960084FAF6 /* UI */ = {
			isa = PBXGroup;
			children = (
				038B86CE269ACDE200DE08B8 /* Model */,
				038B86CD269AC53A00DE08B8 /* View */,
			);
			path = UI;
			sourceTree = "<group>";
		};
		03E3915826A7F41A0084FAF6 /* Provider */ = {
			isa = PBXGroup;
			children = (
				03DCB928269AD6320064420B /* AuthProvider.swift */,
				03AFF1D226A507CF001D5A27 /* FirebaseAuthViewModel.swift */,
				038B86C3269AB4BF00DE08B8 /* Session.swift */,
			);
			path = Provider;
			sourceTree = "<group>";
		};
		7390A38826AE779B004E2FD8 /* Configs */ = {
			isa = PBXGroup;
			children = (
				7390A38926AE77F0004E2FD8 /* GoogleService-Info.plist */,
			);
			path = Configs;
			sourceTree = "<group>";
		};
/* End PBXGroup section */

/* Begin PBXNativeTarget section */
		036E2CA926BEB19000FA0D25 /* HiDiaryTests */ = {
			isa = PBXNativeTarget;
			buildConfigurationList = 036E2CB326BEB19100FA0D25 /* Build configuration list for PBXNativeTarget "HiDiaryTests" */;
			buildPhases = (
				036E2CA626BEB19000FA0D25 /* Sources */,
				036E2CA726BEB19000FA0D25 /* Frameworks */,
				036E2CA826BEB19000FA0D25 /* Resources */,
			);
			buildRules = (
			);
			dependencies = (
				036E2CB026BEB19000FA0D25 /* PBXTargetDependency */,
			);
			name = HiDiaryTests;
			productName = HiDiaryTests;
			productReference = 036E2CAA26BEB19000FA0D25 /* HiDiaryTests.xctest */;
			productType = "com.apple.product-type.bundle.unit-test";
		};
		03A33A7D269042B100A1CB38 /* HiDiary */ = {
			isa = PBXNativeTarget;
			buildConfigurationList = 03A33A92269042B300A1CB38 /* Build configuration list for PBXNativeTarget "HiDiary" */;
			buildPhases = (
				03A33A7A269042B100A1CB38 /* Sources */,
				03A33A7B269042B100A1CB38 /* Frameworks */,
				03A33A7C269042B100A1CB38 /* Resources */,
				03A33A952690625D00A1CB38 /* SwiftLint */,
			);
			buildRules = (
			);
			dependencies = (
			);
			name = HiDiary;
			packageProductDependencies = (
				03E3914726A5EAF60084FAF6 /* PopupView */,
				03AF298F26AABE4100F52B88 /* FirebaseDatabaseSwift-Beta */,
				03AF299126AABE4100F52B88 /* FirebaseFirestoreSwift-Beta */,
				03AF299326AABE4100F52B88 /* FirebaseAuth */,
				03AF299526AABE4100F52B88 /* FirebaseFirestore */,
				03AF299726AABE4100F52B88 /* FirebaseDatabase */,
			);
			productName = KotonohaDiary;
			productReference = 03A33A7E269042B100A1CB38 /* HiDiary.app */;
			productType = "com.apple.product-type.application";
		};
/* End PBXNativeTarget section */

/* Begin PBXProject section */
		03A33A76269042B100A1CB38 /* Project object */ = {
			isa = PBXProject;
			attributes = {
				LastSwiftUpdateCheck = 1250;
				LastUpgradeCheck = 1250;
				TargetAttributes = {
					036E2CA926BEB19000FA0D25 = {
						CreatedOnToolsVersion = 12.5;
						TestTargetID = 03A33A7D269042B100A1CB38;
					};
					03A33A7D269042B100A1CB38 = {
						CreatedOnToolsVersion = 12.5;
					};
				};
			};
			buildConfigurationList = 03A33A79269042B100A1CB38 /* Build configuration list for PBXProject "HiDiary" */;
			compatibilityVersion = "Xcode 9.3";
			developmentRegion = en;
			hasScannedForEncodings = 0;
			knownRegions = (
				en,
				Base,
			);
			mainGroup = 03A33A75269042B100A1CB38;
			packageReferences = (
				03E3914626A5EAF60084FAF6 /* XCRemoteSwiftPackageReference "PopupView" */,
				03AF298E26AABE4100F52B88 /* XCRemoteSwiftPackageReference "firebase-ios-sdk" */,
			);
			productRefGroup = 03A33A7F269042B100A1CB38 /* Products */;
			projectDirPath = "";
			projectRoot = "";
			targets = (
				03A33A7D269042B100A1CB38 /* HiDiary */,
				036E2CA926BEB19000FA0D25 /* HiDiaryTests */,
			);
		};
/* End PBXProject section */

/* Begin PBXResourcesBuildPhase section */
		036E2CA826BEB19000FA0D25 /* Resources */ = {
			isa = PBXResourcesBuildPhase;
			buildActionMask = 2147483647;
			files = (
			);
			runOnlyForDeploymentPostprocessing = 0;
		};
		03A33A7C269042B100A1CB38 /* Resources */ = {
			isa = PBXResourcesBuildPhase;
			buildActionMask = 2147483647;
			files = (
				03CAE22926B5643A004790EE /* Makefile in Resources */,
				03AE8A222695417300F8DA64 /* .gitignore in Resources */,
				03A33A97269062EF00A1CB38 /* .swiftlint.yml in Resources */,
				03A33A88269042B300A1CB38 /* Assets.xcassets in Resources */,
				03A33A8E269042B300A1CB38 /* LaunchScreen.storyboard in Resources */,
				03A33A8B269042B300A1CB38 /* Preview Assets.xcassets in Resources */,
				7390A38A26AE77F0004E2FD8 /* GoogleService-Info.plist in Resources */,
			);
			runOnlyForDeploymentPostprocessing = 0;
		};
/* End PBXResourcesBuildPhase section */

/* Begin PBXShellScriptBuildPhase section */
		03A33A952690625D00A1CB38 /* SwiftLint */ = {
			isa = PBXShellScriptBuildPhase;
			buildActionMask = 2147483647;
			files = (
			);
			inputFileListPaths = (
			);
			inputPaths = (
			);
			name = SwiftLint;
			outputFileListPaths = (
			);
			outputPaths = (
			);
			runOnlyForDeploymentPostprocessing = 0;
			shellPath = /bin/sh;
			shellScript = "if which swiftlint >/dev/null; then\n  swiftlint autocorrect --format\n  swiftlint\nelse\n  echo \"SwiftLint does not exist, download from https://github.com/realm/SwiftLint\"\nfi\n";
		};
/* End PBXShellScriptBuildPhase section */

/* Begin PBXSourcesBuildPhase section */
		036E2CA626BEB19000FA0D25 /* Sources */ = {
			isa = PBXSourcesBuildPhase;
			buildActionMask = 2147483647;
			files = (
				036E2CB526BEB21600FA0D25 /* PasswordValidatorTests.swift in Sources */,
			);
			runOnlyForDeploymentPostprocessing = 0;
		};
		03A33A7A269042B100A1CB38 /* Sources */ = {
			isa = PBXSourcesBuildPhase;
			buildActionMask = 2147483647;
			files = (
				03A33A82269042B100A1CB38 /* AppDelegate.swift in Sources */,
				03DCB929269AD6320064420B /* AuthProvider.swift in Sources */,
				03AF29A626ABDD9000F52B88 /* AuthProvider.swift in Sources */,
				03AF29A526ABDD9000F52B88 /* AuthProviderProtocol.swift in Sources */,
				03AE8A1A26942E5F00F8DA64 /* Color+Extension.swift in Sources */,
				03A33A86269042B100A1CB38 /* ContentView.swift in Sources */,
				03AF29A226ABDD7E00F52B88 /* ContentView.swift in Sources */,
				03AF29A826ABE0DA00F52B88 /* EditViewModel.swift in Sources */,
				03AF29AA26ABE89600F52B88 /* FIrebaseAuthError.swift in Sources */,
				03E3915726A6D9F00084FAF6 /* FirebaseAuthService.swift in Sources */,
				03AFF1D326A507CF001D5A27 /* FirebaseAuthViewModel.swift in Sources */,
				03C8000526A94BE9000D5612 /* FirebaseStoreService.swift in Sources */,
				03BFA42A2692B05300283868 /* FloatingActionButton.swift in Sources */,
				03AF29A026ABDD7E00F52B88 /* HomeView.swift in Sources */,
				038B86CC269ABA6B00DE08B8 /* HomeView.swift in Sources */,
				03BFA4332692DDB700283868 /* InputView.swift in Sources */,
				03CEE105269690BB00557BD0 /* Journal.swift in Sources */,
				03CEE1092696965D00557BD0 /* JournalListView.swift in Sources */,
				03CEE10B2696977000557BD0 /* JournalRowView.swift in Sources */,
				03CEE107269692AF00557BD0 /* JournalsViewModel.swift in Sources */,
				03AE8A1C26943C0100F8DA64 /* KeyboardView.swift in Sources */,
				03BFA4312692DA0100283868 /* LandscapeModifier.swift in Sources */,
				03CAE22626B14EF7004790EE /* SampleNote.swift in Sources */,
				03DCB932269C1E1E0064420B /* LoginSampleView.swift in Sources */,
				03AF29A126ABDD7E00F52B88 /* LoginView.swift in Sources */,
				038B86C8269AB5CF00DE08B8 /* LoginView.swift in Sources */,
				03DCB936269C7B2E0064420B /* LoginViewModel.swift in Sources */,
				03CAE22826B3E8DE004790EE /* NoteProtocol.swift in Sources */,
				03E3915C26A907340084FAF6 /* Makefile in Sources */,
				03AF299F26ABD75200F52B88 /* Memo.swift in Sources */,
				03DCB951269D0EFD0064420B /* MemoListView.swift in Sources */,
				03CAE22126B13931004790EE /* FirestoreService.swift in Sources */,
				03DCB953269D0F300064420B /* MemoRowView.swift in Sources */,
				03DCB94E269D049C0064420B /* MemoViewModel.swift in Sources */,
				03AE89EF2692F66300F8DA64 /* NavigationBarModifier.swift in Sources */,
				03C8000326A93412000D5612 /* Note.swift in Sources */,
				03C8000126A9335C000D5612 /* NoteListView.swift in Sources */,
				03C8FFFF26A93331000D5612 /* NoteRowView.swift in Sources */,
				03CAE21F26B13608004790EE /* FireCodable.swift in Sources */,
				03A33A84269042B100A1CB38 /* SceneDelegate.swift in Sources */,
				038B86C4269AB4BF00DE08B8 /* Session.swift in Sources */,
				03AF29A426ABDD9000F52B88 /* Session.swift in Sources */,
				03AFF1D526A50BFC001D5A27 /* SignInView.swift in Sources */,
				03E3914326A5BA1E0084FAF6 /* SignOutView.swift in Sources */,
				03AFF1D726A5138D001D5A27 /* SignUpView.swift in Sources */,
				03DCB934269C29930064420B /* String+Extension.swift in Sources */,
				03E3915A26A8072C0084FAF6 /* Tabs.swift in Sources */,
				03E3914C26A63DA00084FAF6 /* TabVarHeightOffsetViewModifier.swift in Sources */,
				03AF29AC26AC098000F52B88 /* Test-EnvironmentObject.swift in Sources */,
				03AE8A182694285800F8DA64 /* TextEditingView.swift in Sources */,
				03E3914A26A5EC3D0084FAF6 /* Toast.swift in Sources */,
				03AE8A1E2695375400F8DA64 /* ToolBarView.swift in Sources */,
				03AF29A326ABDD9000F52B88 /* User.swift in Sources */,
				038B86C6269AB4F300DE08B8 /* User.swift in Sources */,
			);
			runOnlyForDeploymentPostprocessing = 0;
		};
/* End PBXSourcesBuildPhase section */

/* Begin PBXTargetDependency section */
		036E2CB026BEB19000FA0D25 /* PBXTargetDependency */ = {
			isa = PBXTargetDependency;
			target = 03A33A7D269042B100A1CB38 /* HiDiary */;
			targetProxy = 036E2CAF26BEB19000FA0D25 /* PBXContainerItemProxy */;
		};
/* End PBXTargetDependency section */

/* Begin PBXVariantGroup section */
		03A33A8C269042B300A1CB38 /* LaunchScreen.storyboard */ = {
			isa = PBXVariantGroup;
			children = (
				03A33A8D269042B300A1CB38 /* Base */,
			);
			name = LaunchScreen.storyboard;
			sourceTree = "<group>";
		};
/* End PBXVariantGroup section */

/* Begin XCBuildConfiguration section */
		036E2CB126BEB19100FA0D25 /* Debug */ = {
			isa = XCBuildConfiguration;
			buildSettings = {
				BUNDLE_LOADER = "$(TEST_HOST)";
				CODE_SIGN_STYLE = Automatic;
				DEVELOPMENT_TEAM = 8U9F7XY8ZC;
				INFOPLIST_FILE = HiDiaryTests/Info.plist;
				LD_RUNPATH_SEARCH_PATHS = (
					"$(inherited)",
					"@executable_path/Frameworks",
					"@loader_path/Frameworks",
				);
				PRODUCT_BUNDLE_IDENTIFIER = com.tanakahirokazu.HiDiaryTests;
				PRODUCT_NAME = "$(TARGET_NAME)";
				SWIFT_VERSION = 5.0;
				TARGETED_DEVICE_FAMILY = "1,2";
				TEST_HOST = "$(BUILT_PRODUCTS_DIR)/HiDiary.app/HiDiary";
			};
			name = Debug;
		};
		036E2CB226BEB19100FA0D25 /* Release */ = {
			isa = XCBuildConfiguration;
			buildSettings = {
				BUNDLE_LOADER = "$(TEST_HOST)";
				CODE_SIGN_STYLE = Automatic;
				DEVELOPMENT_TEAM = 8U9F7XY8ZC;
				INFOPLIST_FILE = HiDiaryTests/Info.plist;
				LD_RUNPATH_SEARCH_PATHS = (
					"$(inherited)",
					"@executable_path/Frameworks",
					"@loader_path/Frameworks",
				);
				PRODUCT_BUNDLE_IDENTIFIER = com.tanakahirokazu.HiDiaryTests;
				PRODUCT_NAME = "$(TARGET_NAME)";
				SWIFT_VERSION = 5.0;
				TARGETED_DEVICE_FAMILY = "1,2";
				TEST_HOST = "$(BUILT_PRODUCTS_DIR)/HiDiary.app/HiDiary";
			};
			name = Release;
		};
		03A33A90269042B300A1CB38 /* Debug */ = {
			isa = XCBuildConfiguration;
			buildSettings = {
				ALWAYS_SEARCH_USER_PATHS = NO;
				CLANG_ANALYZER_NONNULL = YES;
				CLANG_ANALYZER_NUMBER_OBJECT_CONVERSION = YES_AGGRESSIVE;
				CLANG_CXX_LANGUAGE_STANDARD = "gnu++14";
				CLANG_CXX_LIBRARY = "libc++";
				CLANG_ENABLE_MODULES = YES;
				CLANG_ENABLE_OBJC_ARC = YES;
				CLANG_ENABLE_OBJC_WEAK = YES;
				CLANG_WARN_BLOCK_CAPTURE_AUTORELEASING = YES;
				CLANG_WARN_BOOL_CONVERSION = YES;
				CLANG_WARN_COMMA = YES;
				CLANG_WARN_CONSTANT_CONVERSION = YES;
				CLANG_WARN_DEPRECATED_OBJC_IMPLEMENTATIONS = YES;
				CLANG_WARN_DIRECT_OBJC_ISA_USAGE = YES_ERROR;
				CLANG_WARN_DOCUMENTATION_COMMENTS = YES;
				CLANG_WARN_EMPTY_BODY = YES;
				CLANG_WARN_ENUM_CONVERSION = YES;
				CLANG_WARN_INFINITE_RECURSION = YES;
				CLANG_WARN_INT_CONVERSION = YES;
				CLANG_WARN_NON_LITERAL_NULL_CONVERSION = YES;
				CLANG_WARN_OBJC_IMPLICIT_RETAIN_SELF = YES;
				CLANG_WARN_OBJC_LITERAL_CONVERSION = YES;
				CLANG_WARN_OBJC_ROOT_CLASS = YES_ERROR;
				CLANG_WARN_QUOTED_INCLUDE_IN_FRAMEWORK_HEADER = YES;
				CLANG_WARN_RANGE_LOOP_ANALYSIS = YES;
				CLANG_WARN_STRICT_PROTOTYPES = YES;
				CLANG_WARN_SUSPICIOUS_MOVE = YES;
				CLANG_WARN_UNGUARDED_AVAILABILITY = YES_AGGRESSIVE;
				CLANG_WARN_UNREACHABLE_CODE = YES;
				CLANG_WARN__DUPLICATE_METHOD_MATCH = YES;
				COPY_PHASE_STRIP = NO;
				DEBUG_INFORMATION_FORMAT = dwarf;
				ENABLE_STRICT_OBJC_MSGSEND = YES;
				ENABLE_TESTABILITY = YES;
				EXCLUDED_SOURCE_FILE_NAMES = "*/Sample/*/*";
				GCC_C_LANGUAGE_STANDARD = gnu11;
				GCC_DYNAMIC_NO_PIC = NO;
				GCC_NO_COMMON_BLOCKS = YES;
				GCC_OPTIMIZATION_LEVEL = 0;
				GCC_PREPROCESSOR_DEFINITIONS = (
					"DEBUG=1",
					"$(inherited)",
				);
				GCC_WARN_64_TO_32_BIT_CONVERSION = YES;
				GCC_WARN_ABOUT_RETURN_TYPE = YES_ERROR;
				GCC_WARN_UNDECLARED_SELECTOR = YES;
				GCC_WARN_UNINITIALIZED_AUTOS = YES_AGGRESSIVE;
				GCC_WARN_UNUSED_FUNCTION = YES;
				GCC_WARN_UNUSED_VARIABLE = YES;
				IPHONEOS_DEPLOYMENT_TARGET = 14.5;
				MTL_ENABLE_DEBUG_INFO = INCLUDE_SOURCE;
				MTL_FAST_MATH = YES;
				ONLY_ACTIVE_ARCH = YES;
				SDKROOT = iphoneos;
				SWIFT_ACTIVE_COMPILATION_CONDITIONS = DEBUG;
				SWIFT_OPTIMIZATION_LEVEL = "-Onone";
			};
			name = Debug;
		};
		03A33A91269042B300A1CB38 /* Release */ = {
			isa = XCBuildConfiguration;
			buildSettings = {
				ALWAYS_SEARCH_USER_PATHS = NO;
				CLANG_ANALYZER_NONNULL = YES;
				CLANG_ANALYZER_NUMBER_OBJECT_CONVERSION = YES_AGGRESSIVE;
				CLANG_CXX_LANGUAGE_STANDARD = "gnu++14";
				CLANG_CXX_LIBRARY = "libc++";
				CLANG_ENABLE_MODULES = YES;
				CLANG_ENABLE_OBJC_ARC = YES;
				CLANG_ENABLE_OBJC_WEAK = YES;
				CLANG_WARN_BLOCK_CAPTURE_AUTORELEASING = YES;
				CLANG_WARN_BOOL_CONVERSION = YES;
				CLANG_WARN_COMMA = YES;
				CLANG_WARN_CONSTANT_CONVERSION = YES;
				CLANG_WARN_DEPRECATED_OBJC_IMPLEMENTATIONS = YES;
				CLANG_WARN_DIRECT_OBJC_ISA_USAGE = YES_ERROR;
				CLANG_WARN_DOCUMENTATION_COMMENTS = YES;
				CLANG_WARN_EMPTY_BODY = YES;
				CLANG_WARN_ENUM_CONVERSION = YES;
				CLANG_WARN_INFINITE_RECURSION = YES;
				CLANG_WARN_INT_CONVERSION = YES;
				CLANG_WARN_NON_LITERAL_NULL_CONVERSION = YES;
				CLANG_WARN_OBJC_IMPLICIT_RETAIN_SELF = YES;
				CLANG_WARN_OBJC_LITERAL_CONVERSION = YES;
				CLANG_WARN_OBJC_ROOT_CLASS = YES_ERROR;
				CLANG_WARN_QUOTED_INCLUDE_IN_FRAMEWORK_HEADER = YES;
				CLANG_WARN_RANGE_LOOP_ANALYSIS = YES;
				CLANG_WARN_STRICT_PROTOTYPES = YES;
				CLANG_WARN_SUSPICIOUS_MOVE = YES;
				CLANG_WARN_UNGUARDED_AVAILABILITY = YES_AGGRESSIVE;
				CLANG_WARN_UNREACHABLE_CODE = YES;
				CLANG_WARN__DUPLICATE_METHOD_MATCH = YES;
				COPY_PHASE_STRIP = NO;
				DEBUG_INFORMATION_FORMAT = "dwarf-with-dsym";
				ENABLE_NS_ASSERTIONS = NO;
				ENABLE_STRICT_OBJC_MSGSEND = YES;
				EXCLUDED_SOURCE_FILE_NAMES = "*/Sample/*/*";
				GCC_C_LANGUAGE_STANDARD = gnu11;
				GCC_NO_COMMON_BLOCKS = YES;
				GCC_WARN_64_TO_32_BIT_CONVERSION = YES;
				GCC_WARN_ABOUT_RETURN_TYPE = YES_ERROR;
				GCC_WARN_UNDECLARED_SELECTOR = YES;
				GCC_WARN_UNINITIALIZED_AUTOS = YES_AGGRESSIVE;
				GCC_WARN_UNUSED_FUNCTION = YES;
				GCC_WARN_UNUSED_VARIABLE = YES;
				IPHONEOS_DEPLOYMENT_TARGET = 14.5;
				MTL_ENABLE_DEBUG_INFO = NO;
				MTL_FAST_MATH = YES;
				SDKROOT = iphoneos;
				SWIFT_ACTIVE_COMPILATION_CONDITIONS = RELEASE;
				SWIFT_COMPILATION_MODE = wholemodule;
				SWIFT_OPTIMIZATION_LEVEL = "-O";
				VALIDATE_PRODUCT = YES;
			};
			name = Release;
		};
		03A33A93269042B300A1CB38 /* Debug */ = {
			isa = XCBuildConfiguration;
			buildSettings = {
				ASSETCATALOG_COMPILER_APPICON_NAME = AppIcon;
				ASSETCATALOG_COMPILER_GLOBAL_ACCENT_COLOR_NAME = AccentColor;
				CODE_SIGN_STYLE = Automatic;
				DEVELOPMENT_ASSET_PATHS = "\"HiDiary/Preview Content\"";
				DEVELOPMENT_TEAM = 8U9F7XY8ZC;
				ENABLE_PREVIEWS = YES;
				INFOPLIST_FILE = HiDiary/Info.plist;
				LD_RUNPATH_SEARCH_PATHS = (
					"$(inherited)",
					"@executable_path/Frameworks",
				);
				PRODUCT_BUNDLE_IDENTIFIER = com.tanakahirokazu.HiDiary;
				PRODUCT_NAME = "$(TARGET_NAME)";
				SWIFT_VERSION = 5.0;
				TARGETED_DEVICE_FAMILY = "1,2";
			};
			name = Debug;
		};
		03A33A94269042B300A1CB38 /* Release */ = {
			isa = XCBuildConfiguration;
			buildSettings = {
				ASSETCATALOG_COMPILER_APPICON_NAME = AppIcon;
				ASSETCATALOG_COMPILER_GLOBAL_ACCENT_COLOR_NAME = AccentColor;
				CODE_SIGN_STYLE = Automatic;
				DEVELOPMENT_ASSET_PATHS = "\"HiDiary/Preview Content\"";
				DEVELOPMENT_TEAM = 8U9F7XY8ZC;
				ENABLE_PREVIEWS = YES;
				INFOPLIST_FILE = HiDiary/Info.plist;
				LD_RUNPATH_SEARCH_PATHS = (
					"$(inherited)",
					"@executable_path/Frameworks",
				);
				PRODUCT_BUNDLE_IDENTIFIER = com.tanakahirokazu.HiDiary;
				PRODUCT_NAME = "$(TARGET_NAME)";
				SWIFT_VERSION = 5.0;
				TARGETED_DEVICE_FAMILY = "1,2";
			};
			name = Release;
		};
/* End XCBuildConfiguration section */

/* Begin XCConfigurationList section */
		036E2CB326BEB19100FA0D25 /* Build configuration list for PBXNativeTarget "HiDiaryTests" */ = {
			isa = XCConfigurationList;
			buildConfigurations = (
				036E2CB126BEB19100FA0D25 /* Debug */,
				036E2CB226BEB19100FA0D25 /* Release */,
			);
			defaultConfigurationIsVisible = 0;
			defaultConfigurationName = Release;
		};
		03A33A79269042B100A1CB38 /* Build configuration list for PBXProject "HiDiary" */ = {
			isa = XCConfigurationList;
			buildConfigurations = (
				03A33A90269042B300A1CB38 /* Debug */,
				03A33A91269042B300A1CB38 /* Release */,
			);
			defaultConfigurationIsVisible = 0;
			defaultConfigurationName = Release;
		};
		03A33A92269042B300A1CB38 /* Build configuration list for PBXNativeTarget "HiDiary" */ = {
			isa = XCConfigurationList;
			buildConfigurations = (
				03A33A93269042B300A1CB38 /* Debug */,
				03A33A94269042B300A1CB38 /* Release */,
			);
			defaultConfigurationIsVisible = 0;
			defaultConfigurationName = Release;
		};
/* End XCConfigurationList section */

/* Begin XCRemoteSwiftPackageReference section */
		03AF298E26AABE4100F52B88 /* XCRemoteSwiftPackageReference "firebase-ios-sdk" */ = {
			isa = XCRemoteSwiftPackageReference;
			repositoryURL = "https://github.com/firebase/firebase-ios-sdk.git";
			requirement = {
				kind = upToNextMajorVersion;
				minimumVersion = 8.4.0;
			};
		};
		03E3914626A5EAF60084FAF6 /* XCRemoteSwiftPackageReference "PopupView" */ = {
			isa = XCRemoteSwiftPackageReference;
			repositoryURL = "https://github.com/exyte/PopupView.git";
			requirement = {
				kind = upToNextMajorVersion;
				minimumVersion = 1.0.1;
			};
		};
/* End XCRemoteSwiftPackageReference section */

/* Begin XCSwiftPackageProductDependency section */
		03AF298F26AABE4100F52B88 /* FirebaseDatabaseSwift-Beta */ = {
			isa = XCSwiftPackageProductDependency;
			package = 03AF298E26AABE4100F52B88 /* XCRemoteSwiftPackageReference "firebase-ios-sdk" */;
			productName = "FirebaseDatabaseSwift-Beta";
		};
		03AF299126AABE4100F52B88 /* FirebaseFirestoreSwift-Beta */ = {
			isa = XCSwiftPackageProductDependency;
			package = 03AF298E26AABE4100F52B88 /* XCRemoteSwiftPackageReference "firebase-ios-sdk" */;
			productName = "FirebaseFirestoreSwift-Beta";
		};
		03AF299326AABE4100F52B88 /* FirebaseAuth */ = {
			isa = XCSwiftPackageProductDependency;
			package = 03AF298E26AABE4100F52B88 /* XCRemoteSwiftPackageReference "firebase-ios-sdk" */;
			productName = FirebaseAuth;
		};
		03AF299526AABE4100F52B88 /* FirebaseFirestore */ = {
			isa = XCSwiftPackageProductDependency;
			package = 03AF298E26AABE4100F52B88 /* XCRemoteSwiftPackageReference "firebase-ios-sdk" */;
			productName = FirebaseFirestore;
		};
		03AF299726AABE4100F52B88 /* FirebaseDatabase */ = {
			isa = XCSwiftPackageProductDependency;
			package = 03AF298E26AABE4100F52B88 /* XCRemoteSwiftPackageReference "firebase-ios-sdk" */;
			productName = FirebaseDatabase;
		};
		03E3914726A5EAF60084FAF6 /* PopupView */ = {
			isa = XCSwiftPackageProductDependency;
			package = 03E3914626A5EAF60084FAF6 /* XCRemoteSwiftPackageReference "PopupView" */;
			productName = PopupView;
		};
/* End XCSwiftPackageProductDependency section */
	};
	rootObject = 03A33A76269042B100A1CB38 /* Project object */;
}
