// !$*UTF8*$!
{
	archiveVersion = 1;
	classes = {
	};
	objectVersion = 50;
	objects = {

/* Begin PBXBuildFile section */
		03A33A82269042B100A1CB38 /* AppDelegate.swift in Sources */ = {isa = PBXBuildFile; fileRef = 03A33A81269042B100A1CB38 /* AppDelegate.swift */; };
		03A33A84269042B100A1CB38 /* SceneDelegate.swift in Sources */ = {isa = PBXBuildFile; fileRef = 03A33A83269042B100A1CB38 /* SceneDelegate.swift */; };
		03A33A86269042B100A1CB38 /* ContentView.swift in Sources */ = {isa = PBXBuildFile; fileRef = 03A33A85269042B100A1CB38 /* ContentView.swift */; };
		03A33A88269042B300A1CB38 /* Assets.xcassets in Resources */ = {isa = PBXBuildFile; fileRef = 03A33A87269042B300A1CB38 /* Assets.xcassets */; };
		03A33A8B269042B300A1CB38 /* Preview Assets.xcassets in Resources */ = {isa = PBXBuildFile; fileRef = 03A33A8A269042B300A1CB38 /* Preview Assets.xcassets */; };
		03A33A8E269042B300A1CB38 /* LaunchScreen.storyboard in Resources */ = {isa = PBXBuildFile; fileRef = 03A33A8C269042B300A1CB38 /* LaunchScreen.storyboard */; };
		03A33A97269062EF00A1CB38 /* .swiftlint.yml in Resources */ = {isa = PBXBuildFile; fileRef = 03A33A96269062EF00A1CB38 /* .swiftlint.yml */; };
		03AE89EF2692F66300F8DA64 /* NavigationBarModifier.swift in Sources */ = {isa = PBXBuildFile; fileRef = 03AE89EE2692F66300F8DA64 /* NavigationBarModifier.swift */; };
		03BFA42A2692B05300283868 /* FloatingActionButton.swift in Sources */ = {isa = PBXBuildFile; fileRef = 03BFA4292692B05300283868 /* FloatingActionButton.swift */; };
		03BFA4312692DA0100283868 /* PreviewCheat.swift in Sources */ = {isa = PBXBuildFile; fileRef = 03BFA4302692DA0100283868 /* PreviewCheat.swift */; };
		03BFA4332692DDB700283868 /* InputView.swift in Sources */ = {isa = PBXBuildFile; fileRef = 03BFA4322692DDB700283868 /* InputView.swift */; };
/* End PBXBuildFile section */

/* Begin PBXFileReference section */
		03A33A7E269042B100A1CB38 /* KotonohaDiary.app */ = {isa = PBXFileReference; explicitFileType = wrapper.application; includeInIndex = 0; path = KotonohaDiary.app; sourceTree = BUILT_PRODUCTS_DIR; };
		03A33A81269042B100A1CB38 /* AppDelegate.swift */ = {isa = PBXFileReference; lastKnownFileType = sourcecode.swift; path = AppDelegate.swift; sourceTree = "<group>"; };
		03A33A83269042B100A1CB38 /* SceneDelegate.swift */ = {isa = PBXFileReference; lastKnownFileType = sourcecode.swift; path = SceneDelegate.swift; sourceTree = "<group>"; };
		03A33A85269042B100A1CB38 /* ContentView.swift */ = {isa = PBXFileReference; lastKnownFileType = sourcecode.swift; path = ContentView.swift; sourceTree = "<group>"; };
		03A33A87269042B300A1CB38 /* Assets.xcassets */ = {isa = PBXFileReference; lastKnownFileType = folder.assetcatalog; path = Assets.xcassets; sourceTree = "<group>"; };
		03A33A8A269042B300A1CB38 /* Preview Assets.xcassets */ = {isa = PBXFileReference; lastKnownFileType = folder.assetcatalog; path = "Preview Assets.xcassets"; sourceTree = "<group>"; };
		03A33A8D269042B300A1CB38 /* Base */ = {isa = PBXFileReference; lastKnownFileType = file.storyboard; name = Base; path = Base.lproj/LaunchScreen.storyboard; sourceTree = "<group>"; };
		03A33A8F269042B300A1CB38 /* Info.plist */ = {isa = PBXFileReference; lastKnownFileType = text.plist.xml; path = Info.plist; sourceTree = "<group>"; };
		03A33A96269062EF00A1CB38 /* .swiftlint.yml */ = {isa = PBXFileReference; lastKnownFileType = text.yaml; path = .swiftlint.yml; sourceTree = "<group>"; };
		03AE89EE2692F66300F8DA64 /* NavigationBarModifier.swift */ = {isa = PBXFileReference; lastKnownFileType = sourcecode.swift; path = NavigationBarModifier.swift; sourceTree = "<group>"; };
		03BFA4292692B05300283868 /* FloatingActionButton.swift */ = {isa = PBXFileReference; lastKnownFileType = sourcecode.swift; path = FloatingActionButton.swift; sourceTree = "<group>"; };
		03BFA4302692DA0100283868 /* PreviewCheat.swift */ = {isa = PBXFileReference; lastKnownFileType = sourcecode.swift; path = PreviewCheat.swift; sourceTree = "<group>"; };
		03BFA4322692DDB700283868 /* InputView.swift */ = {isa = PBXFileReference; lastKnownFileType = sourcecode.swift; path = InputView.swift; sourceTree = "<group>"; };
/* End PBXFileReference section */

/* Begin PBXFrameworksBuildPhase section */
		03A33A7B269042B100A1CB38 /* Frameworks */ = {
			isa = PBXFrameworksBuildPhase;
			buildActionMask = 2147483647;
			files = (
			);
			runOnlyForDeploymentPostprocessing = 0;
		};
/* End PBXFrameworksBuildPhase section */

/* Begin PBXGroup section */
		03A33A75269042B100A1CB38 = {
			isa = PBXGroup;
			children = (
				03A33A96269062EF00A1CB38 /* .swiftlint.yml */,
				03A33A80269042B100A1CB38 /* KotonohaDiary */,
				03A33A7F269042B100A1CB38 /* Products */,
			);
			sourceTree = "<group>";
		};
		03A33A7F269042B100A1CB38 /* Products */ = {
			isa = PBXGroup;
			children = (
				03A33A7E269042B100A1CB38 /* KotonohaDiary.app */,
			);
			name = Products;
			sourceTree = "<group>";
		};
		03A33A80269042B100A1CB38 /* KotonohaDiary */ = {
			isa = PBXGroup;
			children = (
				03A33A81269042B100A1CB38 /* AppDelegate.swift */,
				03BFA4322692DDB700283868 /* InputView.swift */,
				03A33A83269042B100A1CB38 /* SceneDelegate.swift */,
				03A33A85269042B100A1CB38 /* ContentView.swift */,
				03AE89ED2692F64300F8DA64 /* NavigationView */,
				03BFA42F2692D9C700283868 /* CheatCode */,
				03BFA4292692B05300283868 /* FloatingActionButton.swift */,
				03AE89F02692F6BE00F8DA64 /* Extension */,
				03A33A87269042B300A1CB38 /* Assets.xcassets */,
				03A33A8C269042B300A1CB38 /* LaunchScreen.storyboard */,
				03A33A8F269042B300A1CB38 /* Info.plist */,
				03A33A89269042B300A1CB38 /* Preview Content */,
			);
			path = KotonohaDiary;
			sourceTree = "<group>";
		};
		03A33A89269042B300A1CB38 /* Preview Content */ = {
			isa = PBXGroup;
			children = (
				03A33A8A269042B300A1CB38 /* Preview Assets.xcassets */,
			);
			path = "Preview Content";
			sourceTree = "<group>";
		};
		03AE89ED2692F64300F8DA64 /* NavigationView */ = {
			isa = PBXGroup;
			children = (
				03AE89EE2692F66300F8DA64 /* NavigationBarModifier.swift */,
			);
			path = NavigationView;
			sourceTree = "<group>";
		};
		03AE89F02692F6BE00F8DA64 /* Extension */ = {
			isa = PBXGroup;
			children = (
			);
			path = Extension;
			sourceTree = "<group>";
		};
		03BFA42F2692D9C700283868 /* CheatCode */ = {
			isa = PBXGroup;
			children = (
				03BFA4302692DA0100283868 /* PreviewCheat.swift */,
			);
			path = CheatCode;
			sourceTree = "<group>";
		};
/* End PBXGroup section */

/* Begin PBXNativeTarget section */
		03A33A7D269042B100A1CB38 /* KotonohaDiary */ = {
			isa = PBXNativeTarget;
			buildConfigurationList = 03A33A92269042B300A1CB38 /* Build configuration list for PBXNativeTarget "KotonohaDiary" */;
			buildPhases = (
				03A33A7A269042B100A1CB38 /* Sources */,
				03A33A7B269042B100A1CB38 /* Frameworks */,
				03A33A7C269042B100A1CB38 /* Resources */,
				03A33A952690625D00A1CB38 /* SwiftLint */,
			);
			buildRules = (
			);
			dependencies = (
			);
			name = KotonohaDiary;
			productName = KotonohaDiary;
			productReference = 03A33A7E269042B100A1CB38 /* KotonohaDiary.app */;
			productType = "com.apple.product-type.application";
		};
/* End PBXNativeTarget section */

/* Begin PBXProject section */
		03A33A76269042B100A1CB38 /* Project object */ = {
			isa = PBXProject;
			attributes = {
				LastSwiftUpdateCheck = 1250;
				LastUpgradeCheck = 1250;
				TargetAttributes = {
					03A33A7D269042B100A1CB38 = {
						CreatedOnToolsVersion = 12.5;
					};
				};
			};
			buildConfigurationList = 03A33A79269042B100A1CB38 /* Build configuration list for PBXProject "KotonohaDiary" */;
			compatibilityVersion = "Xcode 9.3";
			developmentRegion = en;
			hasScannedForEncodings = 0;
			knownRegions = (
				en,
				Base,
			);
			mainGroup = 03A33A75269042B100A1CB38;
			productRefGroup = 03A33A7F269042B100A1CB38 /* Products */;
			projectDirPath = "";
			projectRoot = "";
			targets = (
				03A33A7D269042B100A1CB38 /* KotonohaDiary */,
			);
		};
/* End PBXProject section */

/* Begin PBXResourcesBuildPhase section */
		03A33A7C269042B100A1CB38 /* Resources */ = {
			isa = PBXResourcesBuildPhase;
			buildActionMask = 2147483647;
			files = (
				03A33A97269062EF00A1CB38 /* .swiftlint.yml in Resources */,
				03A33A8E269042B300A1CB38 /* LaunchScreen.storyboard in Resources */,
				03A33A8B269042B300A1CB38 /* Preview Assets.xcassets in Resources */,
				03A33A88269042B300A1CB38 /* Assets.xcassets in Resources */,
			);
			runOnlyForDeploymentPostprocessing = 0;
		};
/* End PBXResourcesBuildPhase section */

/* Begin PBXShellScriptBuildPhase section */
		03A33A952690625D00A1CB38 /* SwiftLint */ = {
			isa = PBXShellScriptBuildPhase;
			buildActionMask = 2147483647;
			files = (
			);
			inputFileListPaths = (
			);
			inputPaths = (
			);
			name = SwiftLint;
			outputFileListPaths = (
			);
			outputPaths = (
			);
			runOnlyForDeploymentPostprocessing = 0;
			shellPath = /bin/sh;
			shellScript = "if which swiftlint >/dev/null; then\n  swiftlint\nelse\n  echo \"SwiftLint does not exist, download from https://github.com/realm/SwiftLint\"\nfi\n";
		};
/* End PBXShellScriptBuildPhase section */

/* Begin PBXSourcesBuildPhase section */
		03A33A7A269042B100A1CB38 /* Sources */ = {
			isa = PBXSourcesBuildPhase;
			buildActionMask = 2147483647;
			files = (
				03BFA4312692DA0100283868 /* PreviewCheat.swift in Sources */,
				03AE89EF2692F66300F8DA64 /* NavigationBarModifier.swift in Sources */,
				03A33A82269042B100A1CB38 /* AppDelegate.swift in Sources */,
				03A33A84269042B100A1CB38 /* SceneDelegate.swift in Sources */,
				03BFA4332692DDB700283868 /* InputView.swift in Sources */,
				03A33A86269042B100A1CB38 /* ContentView.swift in Sources */,
				03BFA42A2692B05300283868 /* FloatingActionButton.swift in Sources */,
			);
			runOnlyForDeploymentPostprocessing = 0;
		};
/* End PBXSourcesBuildPhase section */

/* Begin PBXVariantGroup section */
		03A33A8C269042B300A1CB38 /* LaunchScreen.storyboard */ = {
			isa = PBXVariantGroup;
			children = (
				03A33A8D269042B300A1CB38 /* Base */,
			);
			name = LaunchScreen.storyboard;
			sourceTree = "<group>";
		};
/* End PBXVariantGroup section */

/* Begin XCBuildConfiguration section */
		03A33A90269042B300A1CB38 /* Debug */ = {
			isa = XCBuildConfiguration;
			buildSettings = {
				ALWAYS_SEARCH_USER_PATHS = NO;
				CLANG_ANALYZER_NONNULL = YES;
				CLANG_ANALYZER_NUMBER_OBJECT_CONVERSION = YES_AGGRESSIVE;
				CLANG_CXX_LANGUAGE_STANDARD = "gnu++14";
				CLANG_CXX_LIBRARY = "libc++";
				CLANG_ENABLE_MODULES = YES;
				CLANG_ENABLE_OBJC_ARC = YES;
				CLANG_ENABLE_OBJC_WEAK = YES;
				CLANG_WARN_BLOCK_CAPTURE_AUTORELEASING = YES;
				CLANG_WARN_BOOL_CONVERSION = YES;
				CLANG_WARN_COMMA = YES;
				CLANG_WARN_CONSTANT_CONVERSION = YES;
				CLANG_WARN_DEPRECATED_OBJC_IMPLEMENTATIONS = YES;
				CLANG_WARN_DIRECT_OBJC_ISA_USAGE = YES_ERROR;
				CLANG_WARN_DOCUMENTATION_COMMENTS = YES;
				CLANG_WARN_EMPTY_BODY = YES;
				CLANG_WARN_ENUM_CONVERSION = YES;
				CLANG_WARN_INFINITE_RECURSION = YES;
				CLANG_WARN_INT_CONVERSION = YES;
				CLANG_WARN_NON_LITERAL_NULL_CONVERSION = YES;
				CLANG_WARN_OBJC_IMPLICIT_RETAIN_SELF = YES;
				CLANG_WARN_OBJC_LITERAL_CONVERSION = YES;
				CLANG_WARN_OBJC_ROOT_CLASS = YES_ERROR;
				CLANG_WARN_QUOTED_INCLUDE_IN_FRAMEWORK_HEADER = YES;
				CLANG_WARN_RANGE_LOOP_ANALYSIS = YES;
				CLANG_WARN_STRICT_PROTOTYPES = YES;
				CLANG_WARN_SUSPICIOUS_MOVE = YES;
				CLANG_WARN_UNGUARDED_AVAILABILITY = YES_AGGRESSIVE;
				CLANG_WARN_UNREACHABLE_CODE = YES;
				CLANG_WARN__DUPLICATE_METHOD_MATCH = YES;
				COPY_PHASE_STRIP = NO;
				DEBUG_INFORMATION_FORMAT = dwarf;
				ENABLE_STRICT_OBJC_MSGSEND = YES;
				ENABLE_TESTABILITY = YES;
				GCC_C_LANGUAGE_STANDARD = gnu11;
				GCC_DYNAMIC_NO_PIC = NO;
				GCC_NO_COMMON_BLOCKS = YES;
				GCC_OPTIMIZATION_LEVEL = 0;
				GCC_PREPROCESSOR_DEFINITIONS = (
					"DEBUG=1",
					"$(inherited)",
				);
				GCC_WARN_64_TO_32_BIT_CONVERSION = YES;
				GCC_WARN_ABOUT_RETURN_TYPE = YES_ERROR;
				GCC_WARN_UNDECLARED_SELECTOR = YES;
				GCC_WARN_UNINITIALIZED_AUTOS = YES_AGGRESSIVE;
				GCC_WARN_UNUSED_FUNCTION = YES;
				GCC_WARN_UNUSED_VARIABLE = YES;
				IPHONEOS_DEPLOYMENT_TARGET = 14.5;
				MTL_ENABLE_DEBUG_INFO = INCLUDE_SOURCE;
				MTL_FAST_MATH = YES;
				ONLY_ACTIVE_ARCH = YES;
				SDKROOT = iphoneos;
				SWIFT_ACTIVE_COMPILATION_CONDITIONS = DEBUG;
				SWIFT_OPTIMIZATION_LEVEL = "-Onone";
			};
			name = Debug;
		};
		03A33A91269042B300A1CB38 /* Release */ = {
			isa = XCBuildConfiguration;
			buildSettings = {
				ALWAYS_SEARCH_USER_PATHS = NO;
				CLANG_ANALYZER_NONNULL = YES;
				CLANG_ANALYZER_NUMBER_OBJECT_CONVERSION = YES_AGGRESSIVE;
				CLANG_CXX_LANGUAGE_STANDARD = "gnu++14";
				CLANG_CXX_LIBRARY = "libc++";
				CLANG_ENABLE_MODULES = YES;
				CLANG_ENABLE_OBJC_ARC = YES;
				CLANG_ENABLE_OBJC_WEAK = YES;
				CLANG_WARN_BLOCK_CAPTURE_AUTORELEASING = YES;
				CLANG_WARN_BOOL_CONVERSION = YES;
				CLANG_WARN_COMMA = YES;
				CLANG_WARN_CONSTANT_CONVERSION = YES;
				CLANG_WARN_DEPRECATED_OBJC_IMPLEMENTATIONS = YES;
				CLANG_WARN_DIRECT_OBJC_ISA_USAGE = YES_ERROR;
				CLANG_WARN_DOCUMENTATION_COMMENTS = YES;
				CLANG_WARN_EMPTY_BODY = YES;
				CLANG_WARN_ENUM_CONVERSION = YES;
				CLANG_WARN_INFINITE_RECURSION = YES;
				CLANG_WARN_INT_CONVERSION = YES;
				CLANG_WARN_NON_LITERAL_NULL_CONVERSION = YES;
				CLANG_WARN_OBJC_IMPLICIT_RETAIN_SELF = YES;
				CLANG_WARN_OBJC_LITERAL_CONVERSION = YES;
				CLANG_WARN_OBJC_ROOT_CLASS = YES_ERROR;
				CLANG_WARN_QUOTED_INCLUDE_IN_FRAMEWORK_HEADER = YES;
				CLANG_WARN_RANGE_LOOP_ANALYSIS = YES;
				CLANG_WARN_STRICT_PROTOTYPES = YES;
				CLANG_WARN_SUSPICIOUS_MOVE = YES;
				CLANG_WARN_UNGUARDED_AVAILABILITY = YES_AGGRESSIVE;
				CLANG_WARN_UNREACHABLE_CODE = YES;
				CLANG_WARN__DUPLICATE_METHOD_MATCH = YES;
				COPY_PHASE_STRIP = NO;
				DEBUG_INFORMATION_FORMAT = "dwarf-with-dsym";
				ENABLE_NS_ASSERTIONS = NO;
				ENABLE_STRICT_OBJC_MSGSEND = YES;
				GCC_C_LANGUAGE_STANDARD = gnu11;
				GCC_NO_COMMON_BLOCKS = YES;
				GCC_WARN_64_TO_32_BIT_CONVERSION = YES;
				GCC_WARN_ABOUT_RETURN_TYPE = YES_ERROR;
				GCC_WARN_UNDECLARED_SELECTOR = YES;
				GCC_WARN_UNINITIALIZED_AUTOS = YES_AGGRESSIVE;
				GCC_WARN_UNUSED_FUNCTION = YES;
				GCC_WARN_UNUSED_VARIABLE = YES;
				IPHONEOS_DEPLOYMENT_TARGET = 14.5;
				MTL_ENABLE_DEBUG_INFO = NO;
				MTL_FAST_MATH = YES;
				SDKROOT = iphoneos;
				SWIFT_COMPILATION_MODE = wholemodule;
				SWIFT_OPTIMIZATION_LEVEL = "-O";
				VALIDATE_PRODUCT = YES;
			};
			name = Release;
		};
		03A33A93269042B300A1CB38 /* Debug */ = {
			isa = XCBuildConfiguration;
			buildSettings = {
				ASSETCATALOG_COMPILER_APPICON_NAME = AppIcon;
				ASSETCATALOG_COMPILER_GLOBAL_ACCENT_COLOR_NAME = AccentColor;
				CODE_SIGN_STYLE = Automatic;
				DEVELOPMENT_ASSET_PATHS = "\"KotonohaDiary/Preview Content\"";
				DEVELOPMENT_TEAM = 8U9F7XY8ZC;
				ENABLE_PREVIEWS = YES;
				INFOPLIST_FILE = KotonohaDiary/Info.plist;
				LD_RUNPATH_SEARCH_PATHS = (
					"$(inherited)",
					"@executable_path/Frameworks",
				);
				PRODUCT_BUNDLE_IDENTIFIER = com.tanakahirokazu.KotonohaDiary;
				PRODUCT_NAME = "$(TARGET_NAME)";
				SWIFT_VERSION = 5.0;
				TARGETED_DEVICE_FAMILY = "1,2";
			};
			name = Debug;
		};
		03A33A94269042B300A1CB38 /* Release */ = {
			isa = XCBuildConfiguration;
			buildSettings = {
				ASSETCATALOG_COMPILER_APPICON_NAME = AppIcon;
				ASSETCATALOG_COMPILER_GLOBAL_ACCENT_COLOR_NAME = AccentColor;
				CODE_SIGN_STYLE = Automatic;
				DEVELOPMENT_ASSET_PATHS = "\"KotonohaDiary/Preview Content\"";
				DEVELOPMENT_TEAM = 8U9F7XY8ZC;
				ENABLE_PREVIEWS = YES;
				INFOPLIST_FILE = KotonohaDiary/Info.plist;
				LD_RUNPATH_SEARCH_PATHS = (
					"$(inherited)",
					"@executable_path/Frameworks",
				);
				PRODUCT_BUNDLE_IDENTIFIER = com.tanakahirokazu.KotonohaDiary;
				PRODUCT_NAME = "$(TARGET_NAME)";
				SWIFT_VERSION = 5.0;
				TARGETED_DEVICE_FAMILY = "1,2";
			};
			name = Release;
		};
/* End XCBuildConfiguration section */

/* Begin XCConfigurationList section */
		03A33A79269042B100A1CB38 /* Build configuration list for PBXProject "KotonohaDiary" */ = {
			isa = XCConfigurationList;
			buildConfigurations = (
				03A33A90269042B300A1CB38 /* Debug */,
				03A33A91269042B300A1CB38 /* Release */,
			);
			defaultConfigurationIsVisible = 0;
			defaultConfigurationName = Release;
		};
		03A33A92269042B300A1CB38 /* Build configuration list for PBXNativeTarget "KotonohaDiary" */ = {
			isa = XCConfigurationList;
			buildConfigurations = (
				03A33A93269042B300A1CB38 /* Debug */,
				03A33A94269042B300A1CB38 /* Release */,
			);
			defaultConfigurationIsVisible = 0;
			defaultConfigurationName = Release;
		};
/* End XCConfigurationList section */
	};
	rootObject = 03A33A76269042B100A1CB38 /* Project object */;
}
