{
  "object": {
    "pins": [
      {
        "package": "PopupView",
        "repositoryURL": "https://github.com/exyte/PopupView.git",
        "state": {
          "branch": null,
          "revision": "0d37d6f94e0ec9b38ab43300213ad72d28af921f",
          "version": "1.0.2"
        }
      }
    ]
  },
  "version": 1
}
